// !$*UTF8*$!
{
	archiveVersion = 1;
	classes = {
	};
	objectVersion = 52;
	objects = {

/* Begin PBXBuildFile section */
		6237AE30273829C80079E0F3 /* AppDelegate.swift in Sources */ = {isa = PBXBuildFile; fileRef = 6237AE2F273829C80079E0F3 /* AppDelegate.swift */; };
		6237AE32273829C80079E0F3 /* SceneDelegate.swift in Sources */ = {isa = PBXBuildFile; fileRef = 6237AE31273829C80079E0F3 /* SceneDelegate.swift */; };
		6237AE34273829C80079E0F3 /* LoginViewController.swift in Sources */ = {isa = PBXBuildFile; fileRef = 6237AE33273829C80079E0F3 /* LoginViewController.swift */; };
		6237AE37273829C80079E0F3 /* Main.storyboard in Resources */ = {isa = PBXBuildFile; fileRef = 6237AE35273829C80079E0F3 /* Main.storyboard */; };
		6237AE39273829C90079E0F3 /* Assets.xcassets in Resources */ = {isa = PBXBuildFile; fileRef = 6237AE38273829C90079E0F3 /* Assets.xcassets */; };
		6237AE3C273829C90079E0F3 /* LaunchScreen.storyboard in Resources */ = {isa = PBXBuildFile; fileRef = 6237AE3A273829C90079E0F3 /* LaunchScreen.storyboard */; };
		6237AE4827382CA90079E0F3 /* GradientView.swift in Sources */ = {isa = PBXBuildFile; fileRef = 6237AE4727382CA90079E0F3 /* GradientView.swift */; };
		6237AE4B273852400079E0F3 /* FirebaseAuth in Frameworks */ = {isa = PBXBuildFile; productRef = 6237AE4A273852400079E0F3 /* FirebaseAuth */; };
		6237AE4D2738549F0079E0F3 /* GoogleService-Info.plist in Resources */ = {isa = PBXBuildFile; fileRef = 6237AE4C2738549F0079E0F3 /* GoogleService-Info.plist */; };
		6237AE4F273858690079E0F3 /* CreateUserViewController.swift in Sources */ = {isa = PBXBuildFile; fileRef = 6237AE4E273858690079E0F3 /* CreateUserViewController.swift */; };
		6237AE512738852E0079E0F3 /* RecoverViewController.swift in Sources */ = {isa = PBXBuildFile; fileRef = 6237AE502738852E0079E0F3 /* RecoverViewController.swift */; };
/* End PBXBuildFile section */

/* Begin PBXFileReference section */
		6237AE2C273829C80079E0F3 /* LoginCotemig.app */ = {isa = PBXFileReference; explicitFileType = wrapper.application; includeInIndex = 0; path = LoginCotemig.app; sourceTree = BUILT_PRODUCTS_DIR; };
		6237AE2F273829C80079E0F3 /* AppDelegate.swift */ = {isa = PBXFileReference; lastKnownFileType = sourcecode.swift; path = AppDelegate.swift; sourceTree = "<group>"; };
		6237AE31273829C80079E0F3 /* SceneDelegate.swift */ = {isa = PBXFileReference; lastKnownFileType = sourcecode.swift; path = SceneDelegate.swift; sourceTree = "<group>"; };
		6237AE33273829C80079E0F3 /* LoginViewController.swift */ = {isa = PBXFileReference; lastKnownFileType = sourcecode.swift; path = LoginViewController.swift; sourceTree = "<group>"; };
		6237AE36273829C80079E0F3 /* Base */ = {isa = PBXFileReference; lastKnownFileType = file.storyboard; name = Base; path = Base.lproj/Main.storyboard; sourceTree = "<group>"; };
		6237AE38273829C90079E0F3 /* Assets.xcassets */ = {isa = PBXFileReference; lastKnownFileType = folder.assetcatalog; path = Assets.xcassets; sourceTree = "<group>"; };
		6237AE3B273829C90079E0F3 /* Base */ = {isa = PBXFileReference; lastKnownFileType = file.storyboard; name = Base; path = Base.lproj/LaunchScreen.storyboard; sourceTree = "<group>"; };
		6237AE3D273829C90079E0F3 /* Info.plist */ = {isa = PBXFileReference; lastKnownFileType = text.plist.xml; path = Info.plist; sourceTree = "<group>"; };
		6237AE4727382CA90079E0F3 /* GradientView.swift */ = {isa = PBXFileReference; lastKnownFileType = sourcecode.swift; path = GradientView.swift; sourceTree = "<group>"; };
		6237AE4C2738549F0079E0F3 /* GoogleService-Info.plist */ = {isa = PBXFileReference; fileEncoding = 4; lastKnownFileType = text.plist.xml; path = "GoogleService-Info.plist"; sourceTree = "<group>"; };
		6237AE4E273858690079E0F3 /* CreateUserViewController.swift */ = {isa = PBXFileReference; lastKnownFileType = sourcecode.swift; path = CreateUserViewController.swift; sourceTree = "<group>"; };
		6237AE502738852E0079E0F3 /* RecoverViewController.swift */ = {isa = PBXFileReference; lastKnownFileType = sourcecode.swift; path = RecoverViewController.swift; sourceTree = "<group>"; };
/* End PBXFileReference section */

/* Begin PBXFrameworksBuildPhase section */
		6237AE29273829C80079E0F3 /* Frameworks */ = {
			isa = PBXFrameworksBuildPhase;
			buildActionMask = 2147483647;
			files = (
				6237AE4B273852400079E0F3 /* FirebaseAuth in Frameworks */,
			);
			runOnlyForDeploymentPostprocessing = 0;
		};
/* End PBXFrameworksBuildPhase section */

/* Begin PBXGroup section */
		6237AE23273829C80079E0F3 = {
			isa = PBXGroup;
			children = (
				6237AE2E273829C80079E0F3 /* LoginCotemig */,
				6237AE2D273829C80079E0F3 /* Products */,
			);
			sourceTree = "<group>";
		};
		6237AE2D273829C80079E0F3 /* Products */ = {
			isa = PBXGroup;
			children = (
				6237AE2C273829C80079E0F3 /* LoginCotemig.app */,
			);
			name = Products;
			sourceTree = "<group>";
		};
		6237AE2E273829C80079E0F3 /* LoginCotemig */ = {
			isa = PBXGroup;
			children = (
				6237AE4427382C230079E0F3 /* SupportingFiles */,
				6237AE4327382C140079E0F3 /* View */,
				6237AE2F273829C80079E0F3 /* AppDelegate.swift */,
				6237AE4C2738549F0079E0F3 /* GoogleService-Info.plist */,
				6237AE31273829C80079E0F3 /* SceneDelegate.swift */,
			);
			path = LoginCotemig;
			sourceTree = "<group>";
		};
		6237AE4327382C140079E0F3 /* View */ = {
			isa = PBXGroup;
			children = (
				6237AE4627382C990079E0F3 /* Components */,
				6237AE4527382C620079E0F3 /* Main */,
				6237AE4E273858690079E0F3 /* CreateUserViewController.swift */,
				6237AE33273829C80079E0F3 /* LoginViewController.swift */,
				6237AE502738852E0079E0F3 /* RecoverViewController.swift */,
			);
			path = View;
			sourceTree = "<group>";
		};
		6237AE4427382C230079E0F3 /* SupportingFiles */ = {
			isa = PBXGroup;
			children = (
				6237AE38273829C90079E0F3 /* Assets.xcassets */,
				6237AE3D273829C90079E0F3 /* Info.plist */,
			);
			path = SupportingFiles;
			sourceTree = "<group>";
		};
		6237AE4527382C620079E0F3 /* Main */ = {
			isa = PBXGroup;
			children = (
				6237AE35273829C80079E0F3 /* Main.storyboard */,
				6237AE3A273829C90079E0F3 /* LaunchScreen.storyboard */,
			);
			path = Main;
			sourceTree = "<group>";
		};
		6237AE4627382C990079E0F3 /* Components */ = {
			isa = PBXGroup;
			children = (
				6237AE4727382CA90079E0F3 /* GradientView.swift */,
			);
			path = Components;
			sourceTree = "<group>";
		};
/* End PBXGroup section */

/* Begin PBXNativeTarget section */
		6237AE2B273829C80079E0F3 /* LoginCotemig */ = {
			isa = PBXNativeTarget;
			buildConfigurationList = 6237AE40273829C90079E0F3 /* Build configuration list for PBXNativeTarget "LoginCotemig" */;
			buildPhases = (
				6237AE28273829C80079E0F3 /* Sources */,
				6237AE29273829C80079E0F3 /* Frameworks */,
				6237AE2A273829C80079E0F3 /* Resources */,
			);
			buildRules = (
			);
			dependencies = (
			);
			name = LoginCotemig;
			packageProductDependencies = (
				6237AE4A273852400079E0F3 /* FirebaseAuth */,
			);
			productName = LoginCotemig;
			productReference = 6237AE2C273829C80079E0F3 /* LoginCotemig.app */;
			productType = "com.apple.product-type.application";
		};
/* End PBXNativeTarget section */

/* Begin PBXProject section */
		6237AE24273829C80079E0F3 /* Project object */ = {
			isa = PBXProject;
			attributes = {
				LastSwiftUpdateCheck = 1250;
				LastUpgradeCheck = 1250;
				TargetAttributes = {
					6237AE2B273829C80079E0F3 = {
						CreatedOnToolsVersion = 12.5.1;
					};
				};
			};
			buildConfigurationList = 6237AE27273829C80079E0F3 /* Build configuration list for PBXProject "LoginCotemig" */;
			compatibilityVersion = "Xcode 9.3";
			developmentRegion = en;
			hasScannedForEncodings = 0;
			knownRegions = (
				en,
				Base,
			);
			mainGroup = 6237AE23273829C80079E0F3;
			packageReferences = (
				6237AE49273852400079E0F3 /* XCRemoteSwiftPackageReference "firebase-ios-sdk" */,
			);
			productRefGroup = 6237AE2D273829C80079E0F3 /* Products */;
			projectDirPath = "";
			projectRoot = "";
			targets = (
				6237AE2B273829C80079E0F3 /* LoginCotemig */,
			);
		};
/* End PBXProject section */

/* Begin PBXResourcesBuildPhase section */
		6237AE2A273829C80079E0F3 /* Resources */ = {
			isa = PBXResourcesBuildPhase;
			buildActionMask = 2147483647;
			files = (
				6237AE3C273829C90079E0F3 /* LaunchScreen.storyboard in Resources */,
				6237AE4D2738549F0079E0F3 /* GoogleService-Info.plist in Resources */,
				6237AE39273829C90079E0F3 /* Assets.xcassets in Resources */,
				6237AE37273829C80079E0F3 /* Main.storyboard in Resources */,
			);
			runOnlyForDeploymentPostprocessing = 0;
		};
/* End PBXResourcesBuildPhase section */

/* Begin PBXSourcesBuildPhase section */
		6237AE28273829C80079E0F3 /* Sources */ = {
			isa = PBXSourcesBuildPhase;
			buildActionMask = 2147483647;
			files = (
				6237AE34273829C80079E0F3 /* LoginViewController.swift in Sources */,
				6237AE4F273858690079E0F3 /* CreateUserViewController.swift in Sources */,
				6237AE30273829C80079E0F3 /* AppDelegate.swift in Sources */,
				6237AE4827382CA90079E0F3 /* GradientView.swift in Sources */,
				6237AE32273829C80079E0F3 /* SceneDelegate.swift in Sources */,
				6237AE512738852E0079E0F3 /* RecoverViewController.swift in Sources */,
			);
			runOnlyForDeploymentPostprocessing = 0;
		};
/* End PBXSourcesBuildPhase section */

/* Begin PBXVariantGroup section */
		6237AE35273829C80079E0F3 /* Main.storyboard */ = {
			isa = PBXVariantGroup;
			children = (
				6237AE36273829C80079E0F3 /* Base */,
			);
			name = Main.storyboard;
			sourceTree = "<group>";
		};
		6237AE3A273829C90079E0F3 /* LaunchScreen.storyboard */ = {
			isa = PBXVariantGroup;
			children = (
				6237AE3B273829C90079E0F3 /* Base */,
			);
			name = LaunchScreen.storyboard;
			sourceTree = "<group>";
		};
/* End PBXVariantGroup section */

/* Begin XCBuildConfiguration section */
		6237AE3E273829C90079E0F3 /* Debug */ = {
			isa = XCBuildConfiguration;
			buildSettings = {
				ALWAYS_SEARCH_USER_PATHS = NO;
				CLANG_ANALYZER_NONNULL = YES;
				CLANG_ANALYZER_NUMBER_OBJECT_CONVERSION = YES_AGGRESSIVE;
				CLANG_CXX_LANGUAGE_STANDARD = "gnu++14";
				CLANG_CXX_LIBRARY = "libc++";
				CLANG_ENABLE_MODULES = YES;
				CLANG_ENABLE_OBJC_ARC = YES;
				CLANG_ENABLE_OBJC_WEAK = YES;
				CLANG_WARN_BLOCK_CAPTURE_AUTORELEASING = YES;
				CLANG_WARN_BOOL_CONVERSION = YES;
				CLANG_WARN_COMMA = YES;
				CLANG_WARN_CONSTANT_CONVERSION = YES;
				CLANG_WARN_DEPRECATED_OBJC_IMPLEMENTATIONS = YES;
				CLANG_WARN_DIRECT_OBJC_ISA_USAGE = YES_ERROR;
				CLANG_WARN_DOCUMENTATION_COMMENTS = YES;
				CLANG_WARN_EMPTY_BODY = YES;
				CLANG_WARN_ENUM_CONVERSION = YES;
				CLANG_WARN_INFINITE_RECURSION = YES;
				CLANG_WARN_INT_CONVERSION = YES;
				CLANG_WARN_NON_LITERAL_NULL_CONVERSION = YES;
				CLANG_WARN_OBJC_IMPLICIT_RETAIN_SELF = YES;
				CLANG_WARN_OBJC_LITERAL_CONVERSION = YES;
				CLANG_WARN_OBJC_ROOT_CLASS = YES_ERROR;
				CLANG_WARN_QUOTED_INCLUDE_IN_FRAMEWORK_HEADER = YES;
				CLANG_WARN_RANGE_LOOP_ANALYSIS = YES;
				CLANG_WARN_STRICT_PROTOTYPES = YES;
				CLANG_WARN_SUSPICIOUS_MOVE = YES;
				CLANG_WARN_UNGUARDED_AVAILABILITY = YES_AGGRESSIVE;
				CLANG_WARN_UNREACHABLE_CODE = YES;
				CLANG_WARN__DUPLICATE_METHOD_MATCH = YES;
				COPY_PHASE_STRIP = NO;
				DEBUG_INFORMATION_FORMAT = dwarf;
				ENABLE_STRICT_OBJC_MSGSEND = YES;
				ENABLE_TESTABILITY = YES;
				GCC_C_LANGUAGE_STANDARD = gnu11;
				GCC_DYNAMIC_NO_PIC = NO;
				GCC_NO_COMMON_BLOCKS = YES;
				GCC_OPTIMIZATION_LEVEL = 0;
				GCC_PREPROCESSOR_DEFINITIONS = (
					"DEBUG=1",
					"$(inherited)",
				);
				GCC_WARN_64_TO_32_BIT_CONVERSION = YES;
				GCC_WARN_ABOUT_RETURN_TYPE = YES_ERROR;
				GCC_WARN_UNDECLARED_SELECTOR = YES;
				GCC_WARN_UNINITIALIZED_AUTOS = YES_AGGRESSIVE;
				GCC_WARN_UNUSED_FUNCTION = YES;
				GCC_WARN_UNUSED_VARIABLE = YES;
				IPHONEOS_DEPLOYMENT_TARGET = 14.5;
				MTL_ENABLE_DEBUG_INFO = INCLUDE_SOURCE;
				MTL_FAST_MATH = YES;
				ONLY_ACTIVE_ARCH = YES;
				SDKROOT = iphoneos;
				SWIFT_ACTIVE_COMPILATION_CONDITIONS = DEBUG;
				SWIFT_OPTIMIZATION_LEVEL = "-Onone";
			};
			name = Debug;
		};
		6237AE3F273829C90079E0F3 /* Release */ = {
			isa = XCBuildConfiguration;
			buildSettings = {
				ALWAYS_SEARCH_USER_PATHS = NO;
				CLANG_ANALYZER_NONNULL = YES;
				CLANG_ANALYZER_NUMBER_OBJECT_CONVERSION = YES_AGGRESSIVE;
				CLANG_CXX_LANGUAGE_STANDARD = "gnu++14";
				CLANG_CXX_LIBRARY = "libc++";
				CLANG_ENABLE_MODULES = YES;
				CLANG_ENABLE_OBJC_ARC = YES;
				CLANG_ENABLE_OBJC_WEAK = YES;
				CLANG_WARN_BLOCK_CAPTURE_AUTORELEASING = YES;
				CLANG_WARN_BOOL_CONVERSION = YES;
				CLANG_WARN_COMMA = YES;
				CLANG_WARN_CONSTANT_CONVERSION = YES;
				CLANG_WARN_DEPRECATED_OBJC_IMPLEMENTATIONS = YES;
				CLANG_WARN_DIRECT_OBJC_ISA_USAGE = YES_ERROR;
				CLANG_WARN_DOCUMENTATION_COMMENTS = YES;
				CLANG_WARN_EMPTY_BODY = YES;
				CLANG_WARN_ENUM_CONVERSION = YES;
				CLANG_WARN_INFINITE_RECURSION = YES;
				CLANG_WARN_INT_CONVERSION = YES;
				CLANG_WARN_NON_LITERAL_NULL_CONVERSION = YES;
				CLANG_WARN_OBJC_IMPLICIT_RETAIN_SELF = YES;
				CLANG_WARN_OBJC_LITERAL_CONVERSION = YES;
				CLANG_WARN_OBJC_ROOT_CLASS = YES_ERROR;
				CLANG_WARN_QUOTED_INCLUDE_IN_FRAMEWORK_HEADER = YES;
				CLANG_WARN_RANGE_LOOP_ANALYSIS = YES;
				CLANG_WARN_STRICT_PROTOTYPES = YES;
				CLANG_WARN_SUSPICIOUS_MOVE = YES;
				CLANG_WARN_UNGUARDED_AVAILABILITY = YES_AGGRESSIVE;
				CLANG_WARN_UNREACHABLE_CODE = YES;
				CLANG_WARN__DUPLICATE_METHOD_MATCH = YES;
				COPY_PHASE_STRIP = NO;
				DEBUG_INFORMATION_FORMAT = "dwarf-with-dsym";
				ENABLE_NS_ASSERTIONS = NO;
				ENABLE_STRICT_OBJC_MSGSEND = YES;
				GCC_C_LANGUAGE_STANDARD = gnu11;
				GCC_NO_COMMON_BLOCKS = YES;
				GCC_WARN_64_TO_32_BIT_CONVERSION = YES;
				GCC_WARN_ABOUT_RETURN_TYPE = YES_ERROR;
				GCC_WARN_UNDECLARED_SELECTOR = YES;
				GCC_WARN_UNINITIALIZED_AUTOS = YES_AGGRESSIVE;
				GCC_WARN_UNUSED_FUNCTION = YES;
				GCC_WARN_UNUSED_VARIABLE = YES;
				IPHONEOS_DEPLOYMENT_TARGET = 14.5;
				MTL_ENABLE_DEBUG_INFO = NO;
				MTL_FAST_MATH = YES;
				SDKROOT = iphoneos;
				SWIFT_COMPILATION_MODE = wholemodule;
				SWIFT_OPTIMIZATION_LEVEL = "-O";
				VALIDATE_PRODUCT = YES;
			};
			name = Release;
		};
		6237AE41273829C90079E0F3 /* Debug */ = {
			isa = XCBuildConfiguration;
			buildSettings = {
				ASSETCATALOG_COMPILER_APPICON_NAME = AppIcon;
				ASSETCATALOG_COMPILER_GLOBAL_ACCENT_COLOR_NAME = AccentColor;
				CODE_SIGN_STYLE = Automatic;
				DEVELOPMENT_TEAM = 4F3Z7B359Q;
				INFOPLIST_FILE = LoginCotemig/SupportingFiles/Info.plist;
				LD_RUNPATH_SEARCH_PATHS = (
					"$(inherited)",
					"@executable_path/Frameworks",
				);
				PRODUCT_BUNDLE_IDENTIFIER = com.cotemig.LoginCotemig;
				PRODUCT_NAME = "$(TARGET_NAME)";
				SWIFT_VERSION = 5.0;
				TARGETED_DEVICE_FAMILY = "1,2";
			};
			name = Debug;
		};
		6237AE42273829C90079E0F3 /* Release */ = {
			isa = XCBuildConfiguration;
			buildSettings = {
				ASSETCATALOG_COMPILER_APPICON_NAME = AppIcon;
				ASSETCATALOG_COMPILER_GLOBAL_ACCENT_COLOR_NAME = AccentColor;
				CODE_SIGN_STYLE = Automatic;
				DEVELOPMENT_TEAM = 4F3Z7B359Q;
				INFOPLIST_FILE = LoginCotemig/SupportingFiles/Info.plist;
				LD_RUNPATH_SEARCH_PATHS = (
					"$(inherited)",
					"@executable_path/Frameworks",
				);
				PRODUCT_BUNDLE_IDENTIFIER = com.cotemig.LoginCotemig;
				PRODUCT_NAME = "$(TARGET_NAME)";
				SWIFT_VERSION = 5.0;
				TARGETED_DEVICE_FAMILY = "1,2";
			};
			name = Release;
		};
/* End XCBuildConfiguration section */

/* Begin XCConfigurationList section */
		6237AE27273829C80079E0F3 /* Build configuration list for PBXProject "LoginCotemig" */ = {
			isa = XCConfigurationList;
			buildConfigurations = (
				6237AE3E273829C90079E0F3 /* Debug */,
				6237AE3F273829C90079E0F3 /* Release */,
			);
			defaultConfigurationIsVisible = 0;
			defaultConfigurationName = Release;
		};
		6237AE40273829C90079E0F3 /* Build configuration list for PBXNativeTarget "LoginCotemig" */ = {
			isa = XCConfigurationList;
			buildConfigurations = (
				6237AE41273829C90079E0F3 /* Debug */,
				6237AE42273829C90079E0F3 /* Release */,
			);
			defaultConfigurationIsVisible = 0;
			defaultConfigurationName = Release;
		};
/* End XCConfigurationList section */

/* Begin XCRemoteSwiftPackageReference section */
		6237AE49273852400079E0F3 /* XCRemoteSwiftPackageReference "firebase-ios-sdk" */ = {
			isa = XCRemoteSwiftPackageReference;
			repositoryURL = "https://github.com/firebase/firebase-ios-sdk.git";
			requirement = {
				kind = upToNextMajorVersion;
				minimumVersion = 8.9.1;
			};
		};
/* End XCRemoteSwiftPackageReference section */

/* Begin XCSwiftPackageProductDependency section */
		6237AE4A273852400079E0F3 /* FirebaseAuth */ = {
			isa = XCSwiftPackageProductDependency;
			package = 6237AE49273852400079E0F3 /* XCRemoteSwiftPackageReference "firebase-ios-sdk" */;
			productName = FirebaseAuth;
		};
/* End XCSwiftPackageProductDependency section */
	};
	rootObject = 6237AE24273829C80079E0F3 /* Project object */;
}
